
Microsoft Visual Studio Solution File, Format Version 12.00
# Visual Studio Version 16
VisualStudioVersion = 16.0.30717.126
MinimumVisualStudioVersion = 10.0.40219.1
Project("{9A19103F-16F7-4668-BE54-9A1E7A4F7556}") = "Activity 2", "Activity 2.csproj", "{D38D2A98-93C2-4508-80D8-3E99B3C992FD}"
EndProject
Global
	GlobalSection(SolutionConfigurationPlatforms) = preSolution
		Debug|Any CPU = Debug|Any CPU
		Release|Any CPU = Release|Any CPU
	EndGlobalSection
	GlobalSection(ProjectConfigurationPlatforms) = postSolution
		{D38D2A98-93C2-4508-80D8-3E99B3C992FD}.Debug|Any CPU.ActiveCfg = Debug|Any CPU
		{D38D2A98-93C2-4508-80D8-3E99B3C992FD}.Debug|Any CPU.Build.0 = Debug|Any CPU
		{D38D2A98-93C2-4508-80D8-3E99B3C992FD}.Release|Any CPU.ActiveCfg = Release|Any CPU
		{D38D2A98-93C2-4508-80D8-3E99B3C992FD}.Release|Any CPU.Build.0 = Release|Any CPU
	EndGlobalSection
	GlobalSection(SolutionProperties) = preSolution
		HideSolutionNode = FALSE
	EndGlobalSection
	GlobalSection(ExtensibilityGlobals) = postSolution
		SolutionGuid = {7F57E8C6-7258-4DD6-ADDA-A209A4D8B2B0}
	EndGlobalSection
EndGlobal
